{
  "name": "onboarding",
  "lockfileVersion": 3,
  "requires": true,
  "packages": {
    "": {
      "dependencies": {
        "vcard-parser": "^1.0.0"
      }
    },
    "node_modules/vcard-parser": {
      "version": "1.0.0",
      "resolved": "https://registry.npmjs.org/vcard-parser/-/vcard-parser-1.0.0.tgz",
      "integrity": "sha512-rSEjrjBK3of4VimMR5vBjLLcN5ZCSp9yuVzyx5i4Fwx74Yd0s+DnHtSit/wAAtj1a7/T/qQc0ykwXADoD0+fTQ=="
    }
  }
}
